
Microsoft Visual Studio Solution File, Format Version 12.00
# Visual Studio 15
Project("{FAE04EC0-301F-11D3-BF4B-00C04F79EFBC}") = "Assembly-CSharp", "Assembly-CSharp.csproj", "{D361AF13-54F9-77DF-6A5A-8F7B0FC67B00}"
EndProject
Project("{FAE04EC0-301F-11D3-BF4B-00C04F79EFBC}") = "Assembly-CSharp-firstpass", "Assembly-CSharp-firstpass.csproj", "{5E7A7CFE-1A1E-4E66-E20D-913A05BEE1F1}"
EndProject
Project("{FAE04EC0-301F-11D3-BF4B-00C04F79EFBC}") = "NativeGallery.Runtime", "NativeGallery.Runtime.csproj", "{35ADD159-C929-C5AC-CA0D-F68EB8ECA26A}"
EndProject
Project("{FAE04EC0-301F-11D3-BF4B-00C04F79EFBC}") = "NativeGallery.Editor", "NativeGallery.Editor.csproj", "{98DE8C18-879E-40F7-ACE7-BA9603DAD807}"
EndProject
Global
	GlobalSection(SolutionConfigurationPlatforms) = preSolution
		Debug|Any CPU = Debug|Any CPU
		Release|Any CPU = Release|Any CPU
	EndGlobalSection
	GlobalSection(ProjectConfigurationPlatforms) = postSolution
		{D361AF13-54F9-77DF-6A5A-8F7B0FC67B00}.Debug|Any CPU.ActiveCfg = Debug|Any CPU
		{D361AF13-54F9-77DF-6A5A-8F7B0FC67B00}.Debug|Any CPU.Build.0 = Debug|Any CPU
		{D361AF13-54F9-77DF-6A5A-8F7B0FC67B00}.Release|Any CPU.ActiveCfg = Release|Any CPU
		{D361AF13-54F9-77DF-6A5A-8F7B0FC67B00}.Release|Any CPU.Build.0 = Release|Any CPU
		{5E7A7CFE-1A1E-4E66-E20D-913A05BEE1F1}.Debug|Any CPU.ActiveCfg = Debug|Any CPU
		{5E7A7CFE-1A1E-4E66-E20D-913A05BEE1F1}.Debug|Any CPU.Build.0 = Debug|Any CPU
		{5E7A7CFE-1A1E-4E66-E20D-913A05BEE1F1}.Release|Any CPU.ActiveCfg = Release|Any CPU
		{5E7A7CFE-1A1E-4E66-E20D-913A05BEE1F1}.Release|Any CPU.Build.0 = Release|Any CPU
		{35ADD159-C929-C5AC-CA0D-F68EB8ECA26A}.Debug|Any CPU.ActiveCfg = Debug|Any CPU
		{35ADD159-C929-C5AC-CA0D-F68EB8ECA26A}.Debug|Any CPU.Build.0 = Debug|Any CPU
		{35ADD159-C929-C5AC-CA0D-F68EB8ECA26A}.Release|Any CPU.ActiveCfg = Release|Any CPU
		{35ADD159-C929-C5AC-CA0D-F68EB8ECA26A}.Release|Any CPU.Build.0 = Release|Any CPU
		{98DE8C18-879E-40F7-ACE7-BA9603DAD807}.Debug|Any CPU.ActiveCfg = Debug|Any CPU
		{98DE8C18-879E-40F7-ACE7-BA9603DAD807}.Debug|Any CPU.Build.0 = Debug|Any CPU
		{98DE8C18-879E-40F7-ACE7-BA9603DAD807}.Release|Any CPU.ActiveCfg = Release|Any CPU
		{98DE8C18-879E-40F7-ACE7-BA9603DAD807}.Release|Any CPU.Build.0 = Release|Any CPU
	EndGlobalSection
	GlobalSection(SolutionProperties) = preSolution
		HideSolutionNode = FALSE
	EndGlobalSection
EndGlobal
